
Microsoft Visual Studio Solution File, Format Version 12.00
# Visual Studio Version 17
VisualStudioVersion = 17.9.34728.123
MinimumVisualStudioVersion = 10.0.40219.1
Project("{FAE04EC0-301F-11D3-BF4B-00C04F79EFBC}") = "FibonacciFun", "FibonacciFun.csproj", "{EADE5B3A-5F62-439E-9D1C-242C8C62687F}"
EndProject
Global
	GlobalSection(SolutionConfigurationPlatforms) = preSolution
		Debug|Any CPU = Debug|Any CPU
		Release|Any CPU = Release|Any CPU
	EndGlobalSection
	GlobalSection(ProjectConfigurationPlatforms) = postSolution
		{EADE5B3A-5F62-439E-9D1C-242C8C62687F}.Debug|Any CPU.ActiveCfg = Debug|Any CPU
		{EADE5B3A-5F62-439E-9D1C-242C8C62687F}.Debug|Any CPU.Build.0 = Debug|Any CPU
		{EADE5B3A-5F62-439E-9D1C-242C8C62687F}.Release|Any CPU.ActiveCfg = Release|Any CPU
		{EADE5B3A-5F62-439E-9D1C-242C8C62687F}.Release|Any CPU.Build.0 = Release|Any CPU
	EndGlobalSection
	GlobalSection(SolutionProperties) = preSolution
		HideSolutionNode = FALSE
	EndGlobalSection
	GlobalSection(ExtensibilityGlobals) = postSolution
		SolutionGuid = {B6E3CAA7-41BF-4B53-8104-1937D101BEA2}
	EndGlobalSection
EndGlobal
